
Microsoft Visual Studio Solution File, Format Version 12.00
# Visual Studio Version 17
VisualStudioVersion = 17.6.33829.357
MinimumVisualStudioVersion = 10.0.40219.1
Project("{FAE04EC0-301F-11D3-BF4B-00C04F79EFBC}") = "PlcOpenBuilder", "PlcOpenBuilder\PlcOpenBuilder.csproj", "{14CF9FD7-1DB5-4496-AD40-81B22011CFA8}"
EndProject
Global
	GlobalSection(SolutionConfigurationPlatforms) = preSolution
		Debug|Any CPU = Debug|Any CPU
		Release|Any CPU = Release|Any CPU
	EndGlobalSection
	GlobalSection(ProjectConfigurationPlatforms) = postSolution
		{14CF9FD7-1DB5-4496-AD40-81B22011CFA8}.Debug|Any CPU.ActiveCfg = Debug|Any CPU
		{14CF9FD7-1DB5-4496-AD40-81B22011CFA8}.Debug|Any CPU.Build.0 = Debug|Any CPU
		{14CF9FD7-1DB5-4496-AD40-81B22011CFA8}.Release|Any CPU.ActiveCfg = Release|Any CPU
		{14CF9FD7-1DB5-4496-AD40-81B22011CFA8}.Release|Any CPU.Build.0 = Release|Any CPU
	EndGlobalSection
	GlobalSection(SolutionProperties) = preSolution
		HideSolutionNode = FALSE
	EndGlobalSection
	GlobalSection(ExtensibilityGlobals) = postSolution
		SolutionGuid = {5663C0A4-5957-41DD-99D1-8F103601C0A7}
	EndGlobalSection
EndGlobal
